
Microsoft Visual Studio Solution File, Format Version 12.00
# Visual Studio Version 16
VisualStudioVersion = 16.0.28729.10
MinimumVisualStudioVersion = 10.0.40219.1
Project("{9A19103F-16F7-4668-BE54-9A1E7A4F7556}") = "AccountManager.Data", "AccountManager.Data\AccountManager.Data.csproj", "{7BFF886C-2A3F-4396-B5D2-6EA21B104216}"
EndProject
Project("{9A19103F-16F7-4668-BE54-9A1E7A4F7556}") = "AccountManager.Test", "AccountManager.Test\AccountManager.Test.csproj", "{81802CB6-B02D-474A-AC01-1F628AF0ECA7}"
EndProject
Project("{9A19103F-16F7-4668-BE54-9A1E7A4F7556}") = "AccountManager.API", "AccountManager.API\AccountManager.API.csproj", "{DD663BB7-9D3F-41FD-9F74-60E16037D381}"
EndProject
Project("{9A19103F-16F7-4668-BE54-9A1E7A4F7556}") = "AccountManager.API.Account", "AccountManager.API.Account\AccountManager.API.Account.csproj", "{767E5277-4BC9-409C-B035-5EA32556729A}"
EndProject
Project("{9A19103F-16F7-4668-BE54-9A1E7A4F7556}") = "AccountManager.API.AccountType", "AccountManager.API.AccountType\AccountManager.API.AccountType.csproj", "{BD46F9F7-2ADF-471E-AF70-054754665116}"
EndProject
Project("{2150E333-8FDC-42A3-9474-1A3956D46DE8}") = "api", "api", "{7EB1FCEC-2132-4C6B-B83A-0614719F5378}"
EndProject
Project("{2150E333-8FDC-42A3-9474-1A3956D46DE8}") = "libs", "libs", "{FD194AA8-4856-477F-880D-FC1D7CD96A96}"
EndProject
Project("{2150E333-8FDC-42A3-9474-1A3956D46DE8}") = "test", "test", "{665D3DFC-BDAE-4BD8-AC67-AA5F9D4EDCDC}"
EndProject
Project("{2150E333-8FDC-42A3-9474-1A3956D46DE8}") = "UI", "UI", "{0232EA8D-6E0F-431E-96E6-71BAFECFF035}"
EndProject
Project("{9A19103F-16F7-4668-BE54-9A1E7A4F7556}") = "AccountManager.UI.MVC", "AccountManager.UI.MVC\AccountManager.UI.MVC.csproj", "{26E50AB0-DB00-4F90-89AF-4E9181AB0769}"
EndProject
Global
	GlobalSection(SolutionConfigurationPlatforms) = preSolution
		Debug|Any CPU = Debug|Any CPU
		Release|Any CPU = Release|Any CPU
	EndGlobalSection
	GlobalSection(ProjectConfigurationPlatforms) = postSolution
		{7BFF886C-2A3F-4396-B5D2-6EA21B104216}.Debug|Any CPU.ActiveCfg = Debug|Any CPU
		{7BFF886C-2A3F-4396-B5D2-6EA21B104216}.Debug|Any CPU.Build.0 = Debug|Any CPU
		{7BFF886C-2A3F-4396-B5D2-6EA21B104216}.Release|Any CPU.ActiveCfg = Release|Any CPU
		{7BFF886C-2A3F-4396-B5D2-6EA21B104216}.Release|Any CPU.Build.0 = Release|Any CPU
		{81802CB6-B02D-474A-AC01-1F628AF0ECA7}.Debug|Any CPU.ActiveCfg = Debug|Any CPU
		{81802CB6-B02D-474A-AC01-1F628AF0ECA7}.Debug|Any CPU.Build.0 = Debug|Any CPU
		{81802CB6-B02D-474A-AC01-1F628AF0ECA7}.Release|Any CPU.ActiveCfg = Release|Any CPU
		{81802CB6-B02D-474A-AC01-1F628AF0ECA7}.Release|Any CPU.Build.0 = Release|Any CPU
		{DD663BB7-9D3F-41FD-9F74-60E16037D381}.Debug|Any CPU.ActiveCfg = Debug|Any CPU
		{DD663BB7-9D3F-41FD-9F74-60E16037D381}.Debug|Any CPU.Build.0 = Debug|Any CPU
		{DD663BB7-9D3F-41FD-9F74-60E16037D381}.Release|Any CPU.ActiveCfg = Release|Any CPU
		{DD663BB7-9D3F-41FD-9F74-60E16037D381}.Release|Any CPU.Build.0 = Release|Any CPU
		{767E5277-4BC9-409C-B035-5EA32556729A}.Debug|Any CPU.ActiveCfg = Debug|Any CPU
		{767E5277-4BC9-409C-B035-5EA32556729A}.Debug|Any CPU.Build.0 = Debug|Any CPU
		{767E5277-4BC9-409C-B035-5EA32556729A}.Release|Any CPU.ActiveCfg = Release|Any CPU
		{767E5277-4BC9-409C-B035-5EA32556729A}.Release|Any CPU.Build.0 = Release|Any CPU
		{BD46F9F7-2ADF-471E-AF70-054754665116}.Debug|Any CPU.ActiveCfg = Debug|Any CPU
		{BD46F9F7-2ADF-471E-AF70-054754665116}.Debug|Any CPU.Build.0 = Debug|Any CPU
		{BD46F9F7-2ADF-471E-AF70-054754665116}.Release|Any CPU.ActiveCfg = Release|Any CPU
		{BD46F9F7-2ADF-471E-AF70-054754665116}.Release|Any CPU.Build.0 = Release|Any CPU
		{26E50AB0-DB00-4F90-89AF-4E9181AB0769}.Debug|Any CPU.ActiveCfg = Debug|Any CPU
		{26E50AB0-DB00-4F90-89AF-4E9181AB0769}.Debug|Any CPU.Build.0 = Debug|Any CPU
		{26E50AB0-DB00-4F90-89AF-4E9181AB0769}.Release|Any CPU.ActiveCfg = Release|Any CPU
		{26E50AB0-DB00-4F90-89AF-4E9181AB0769}.Release|Any CPU.Build.0 = Release|Any CPU
	EndGlobalSection
	GlobalSection(SolutionProperties) = preSolution
		HideSolutionNode = FALSE
	EndGlobalSection
	GlobalSection(NestedProjects) = preSolution
		{7BFF886C-2A3F-4396-B5D2-6EA21B104216} = {FD194AA8-4856-477F-880D-FC1D7CD96A96}
		{81802CB6-B02D-474A-AC01-1F628AF0ECA7} = {665D3DFC-BDAE-4BD8-AC67-AA5F9D4EDCDC}
		{DD663BB7-9D3F-41FD-9F74-60E16037D381} = {7EB1FCEC-2132-4C6B-B83A-0614719F5378}
		{767E5277-4BC9-409C-B035-5EA32556729A} = {7EB1FCEC-2132-4C6B-B83A-0614719F5378}
		{BD46F9F7-2ADF-471E-AF70-054754665116} = {7EB1FCEC-2132-4C6B-B83A-0614719F5378}
		{26E50AB0-DB00-4F90-89AF-4E9181AB0769} = {0232EA8D-6E0F-431E-96E6-71BAFECFF035}
	EndGlobalSection
	GlobalSection(ExtensibilityGlobals) = postSolution
		SolutionGuid = {B99483ED-02DB-4B60-BC28-885FC02EBE0D}
	EndGlobalSection
EndGlobal
